Microsoft Visual Studio Solution File, Format Version 12.00
# Visual Studio Version 17
VisualStudioVersion = 17.5.2.0
MinimumVisualStudioVersion = 10.0.40219.1
Project("{FAE04EC0-301F-11D3-BF4B-00C04F79EFBC}") = "trimble-custom-instructions-mcp", "trimble-custom-instructions-mcp.csproj", "{A8D7D750-04AE-0B68-4E43-47F3C1A1CEFC}"
EndProject
Global
	GlobalSection(SolutionConfigurationPlatforms) = preSolution
		Debug|Any CPU = Debug|Any CPU
		Release|Any CPU = Release|Any CPU
	EndGlobalSection
	GlobalSection(ProjectConfigurationPlatforms) = postSolution
		{A8D7D750-04AE-0B68-4E43-47F3C1A1CEFC}.Debug|Any CPU.ActiveCfg = Debug|Any CPU
		{A8D7D750-04AE-0B68-4E43-47F3C1A1CEFC}.Debug|Any CPU.Build.0 = Debug|Any CPU
		{A8D7D750-04AE-0B68-4E43-47F3C1A1CEFC}.Release|Any CPU.ActiveCfg = Release|Any CPU
		{A8D7D750-04AE-0B68-4E43-47F3C1A1CEFC}.Release|Any CPU.Build.0 = Release|Any CPU
	EndGlobalSection
	GlobalSection(SolutionProperties) = preSolution
		HideSolutionNode = FALSE
	EndGlobalSection
	GlobalSection(ExtensibilityGlobals) = postSolution
		SolutionGuid = {BABAC38A-87C3-46CA-BC24-8E0309D99782}
	EndGlobalSection
EndGlobal
